
Microsoft Visual Studio Solution File, Format Version 12.00
# Visual Studio 15
VisualStudioVersion = 15.0.26730.8
MinimumVisualStudioVersion = 10.0.40219.1
Project("{FAE04EC0-301F-11D3-BF4B-00C04F79EFBC}") = "NotifyPropertyChangedBase", "NotifyPropertyChangedBase\NotifyPropertyChangedBase.csproj", "{8749F49B-7D4F-4C07-9E98-D6D2E03BEF04}"
EndProject
Global
	GlobalSection(SolutionConfigurationPlatforms) = preSolution
		Debug|Any CPU = Debug|Any CPU
		Release|Any CPU = Release|Any CPU
	EndGlobalSection
	GlobalSection(ProjectConfigurationPlatforms) = postSolution
		{8749F49B-7D4F-4C07-9E98-D6D2E03BEF04}.Debug|Any CPU.ActiveCfg = Debug|Any CPU
		{8749F49B-7D4F-4C07-9E98-D6D2E03BEF04}.Debug|Any CPU.Build.0 = Debug|Any CPU
		{8749F49B-7D4F-4C07-9E98-D6D2E03BEF04}.Release|Any CPU.ActiveCfg = Release|Any CPU
		{8749F49B-7D4F-4C07-9E98-D6D2E03BEF04}.Release|Any CPU.Build.0 = Release|Any CPU
	EndGlobalSection
	GlobalSection(SolutionProperties) = preSolution
		HideSolutionNode = FALSE
	EndGlobalSection
	GlobalSection(ExtensibilityGlobals) = postSolution
		SolutionGuid = {0B1008A3-91CC-4D50-AA4E-DAAE5381541D}
	EndGlobalSection
EndGlobal
